
Microsoft Visual Studio Solution File, Format Version 12.00
# Visual Studio Version 17
VisualStudioVersion = 17.9.34622.214
MinimumVisualStudioVersion = 10.0.40219.1
Project("{FAE04EC0-301F-11D3-BF4B-00C04F79EFBC}") = "Kalkylator", "Kalkylator\Kalkylator.csproj", "{65C3D09E-C66C-42D6-B86F-32CA125ED6D2}"
EndProject
Global
	GlobalSection(SolutionConfigurationPlatforms) = preSolution
		Debug|Any CPU = Debug|Any CPU
		Release|Any CPU = Release|Any CPU
	EndGlobalSection
	GlobalSection(ProjectConfigurationPlatforms) = postSolution
		{65C3D09E-C66C-42D6-B86F-32CA125ED6D2}.Debug|Any CPU.ActiveCfg = Debug|Any CPU
		{65C3D09E-C66C-42D6-B86F-32CA125ED6D2}.Debug|Any CPU.Build.0 = Debug|Any CPU
		{65C3D09E-C66C-42D6-B86F-32CA125ED6D2}.Release|Any CPU.ActiveCfg = Release|Any CPU
		{65C3D09E-C66C-42D6-B86F-32CA125ED6D2}.Release|Any CPU.Build.0 = Release|Any CPU
	EndGlobalSection
	GlobalSection(SolutionProperties) = preSolution
		HideSolutionNode = FALSE
	EndGlobalSection
	GlobalSection(ExtensibilityGlobals) = postSolution
		SolutionGuid = {0A95D80B-974B-4EE2-B4B2-80442F9FF3EA}
	EndGlobalSection
EndGlobal
